
Microsoft Visual Studio Solution File, Format Version 12.00
# Visual Studio Version 16
VisualStudioVersion = 25.0.1706.6
MinimumVisualStudioVersion = 10.0.40219.1
Project("{FAE04EC0-301F-11D3-BF4B-00C04F79EFBC}") = "ObsoletesBug", "ObsoletesBug.csproj", "{5D683A80-A1A1-4F32-BC93-9CE64BDD4D29}"
EndProject
Global
	GlobalSection(SolutionConfigurationPlatforms) = preSolution
		Debug|Any CPU = Debug|Any CPU
		Release|Any CPU = Release|Any CPU
	EndGlobalSection
	GlobalSection(ProjectConfigurationPlatforms) = postSolution
		{5D683A80-A1A1-4F32-BC93-9CE64BDD4D29}.Debug|Any CPU.ActiveCfg = Debug|Any CPU
		{5D683A80-A1A1-4F32-BC93-9CE64BDD4D29}.Debug|Any CPU.Build.0 = Debug|Any CPU
		{5D683A80-A1A1-4F32-BC93-9CE64BDD4D29}.Release|Any CPU.ActiveCfg = Release|Any CPU
		{5D683A80-A1A1-4F32-BC93-9CE64BDD4D29}.Release|Any CPU.Build.0 = Release|Any CPU
	EndGlobalSection
	GlobalSection(SolutionProperties) = preSolution
		HideSolutionNode = FALSE
	EndGlobalSection
	GlobalSection(ExtensibilityGlobals) = postSolution
		SolutionGuid = {7EA7D6D0-0511-449A-A228-29A329E8B6B7}
	EndGlobalSection
EndGlobal
